
Microsoft Visual Studio Solution File, Format Version 12.00
# Visual Studio Version 16
VisualStudioVersion = 16.0.30523.141
MinimumVisualStudioVersion = 10.0.40219.1
Project("{FAE04EC0-301F-11D3-BF4B-00C04F79EFBC}") = "WebParser", "WebParser\WebParser.csproj", "{D4E32214-BA87-453D-845C-FDEC8399FE84}"
EndProject
Global
	GlobalSection(SolutionConfigurationPlatforms) = preSolution
		Debug|Any CPU = Debug|Any CPU
		Release|Any CPU = Release|Any CPU
	EndGlobalSection
	GlobalSection(ProjectConfigurationPlatforms) = postSolution
		{D4E32214-BA87-453D-845C-FDEC8399FE84}.Debug|Any CPU.ActiveCfg = Debug|Any CPU
		{D4E32214-BA87-453D-845C-FDEC8399FE84}.Debug|Any CPU.Build.0 = Debug|Any CPU
		{D4E32214-BA87-453D-845C-FDEC8399FE84}.Release|Any CPU.ActiveCfg = Release|Any CPU
		{D4E32214-BA87-453D-845C-FDEC8399FE84}.Release|Any CPU.Build.0 = Release|Any CPU
	EndGlobalSection
	GlobalSection(SolutionProperties) = preSolution
		HideSolutionNode = FALSE
	EndGlobalSection
	GlobalSection(ExtensibilityGlobals) = postSolution
		SolutionGuid = {44756A4F-0AC2-4476-91EF-D7252FC27C0E}
	EndGlobalSection
EndGlobal
